
Microsoft Visual Studio Solution File, Format Version 12.00
# Visual Studio Version 17
VisualStudioVersion = 17.13.35919.96 d17.13
MinimumVisualStudioVersion = 10.0.40219.1
Project("{FAE04EC0-301F-11D3-BF4B-00C04F79EFBC}") = "ConsoleReflection", "ConsoleReflection.csproj", "{739092B7-32D9-469D-B111-F4B9BDCE6226}"
EndProject
Global
	GlobalSection(SolutionConfigurationPlatforms) = preSolution
		Debug|Any CPU = Debug|Any CPU
		Release|Any CPU = Release|Any CPU
	EndGlobalSection
	GlobalSection(ProjectConfigurationPlatforms) = postSolution
		{739092B7-32D9-469D-B111-F4B9BDCE6226}.Debug|Any CPU.ActiveCfg = Debug|Any CPU
		{739092B7-32D9-469D-B111-F4B9BDCE6226}.Debug|Any CPU.Build.0 = Debug|Any CPU
		{739092B7-32D9-469D-B111-F4B9BDCE6226}.Release|Any CPU.ActiveCfg = Release|Any CPU
		{739092B7-32D9-469D-B111-F4B9BDCE6226}.Release|Any CPU.Build.0 = Release|Any CPU
	EndGlobalSection
	GlobalSection(SolutionProperties) = preSolution
		HideSolutionNode = FALSE
	EndGlobalSection
	GlobalSection(ExtensibilityGlobals) = postSolution
		SolutionGuid = {F924D30A-5899-4B91-8C02-36062966D75B}
	EndGlobalSection
EndGlobal
