
Microsoft Visual Studio Solution File, Format Version 12.00
# Visual Studio Version 17
VisualStudioVersion = 17.13.35919.96
MinimumVisualStudioVersion = 10.0.40219.1
Project("{FAE04EC0-301F-11D3-BF4B-00C04F79EFBC}") = "ConsoleApp1", "ConsoleApp1.csproj", "{8D9F822B-8997-4F03-B260-5C9F83309377}"
EndProject
Project("{FAE04EC0-301F-11D3-BF4B-00C04F79EFBC}") = "LibCalcolatrice", "..\LibCalcolatrice\LibCalcolatrice.csproj", "{B73E40C2-B64E-4F79-9DF6-41EA5A581EB9}"
EndProject
Project("{FAE04EC0-301F-11D3-BF4B-00C04F79EFBC}") = "TestCalcolatrice", "..\TestCalcolatrice\TestCalcolatrice.csproj", "{0D697C16-D98F-4440-993C-7573FF4E8343}"
EndProject
Global
	GlobalSection(SolutionConfigurationPlatforms) = preSolution
		Debug|Any CPU = Debug|Any CPU
		Release|Any CPU = Release|Any CPU
	EndGlobalSection
	GlobalSection(ProjectConfigurationPlatforms) = postSolution
		{8D9F822B-8997-4F03-B260-5C9F83309377}.Debug|Any CPU.ActiveCfg = Debug|Any CPU
		{8D9F822B-8997-4F03-B260-5C9F83309377}.Debug|Any CPU.Build.0 = Debug|Any CPU
		{8D9F822B-8997-4F03-B260-5C9F83309377}.Release|Any CPU.ActiveCfg = Release|Any CPU
		{8D9F822B-8997-4F03-B260-5C9F83309377}.Release|Any CPU.Build.0 = Release|Any CPU
		{B73E40C2-B64E-4F79-9DF6-41EA5A581EB9}.Debug|Any CPU.ActiveCfg = Debug|Any CPU
		{B73E40C2-B64E-4F79-9DF6-41EA5A581EB9}.Debug|Any CPU.Build.0 = Debug|Any CPU
		{B73E40C2-B64E-4F79-9DF6-41EA5A581EB9}.Release|Any CPU.ActiveCfg = Release|Any CPU
		{B73E40C2-B64E-4F79-9DF6-41EA5A581EB9}.Release|Any CPU.Build.0 = Release|Any CPU
		{0D697C16-D98F-4440-993C-7573FF4E8343}.Debug|Any CPU.ActiveCfg = Debug|Any CPU
		{0D697C16-D98F-4440-993C-7573FF4E8343}.Debug|Any CPU.Build.0 = Debug|Any CPU
		{0D697C16-D98F-4440-993C-7573FF4E8343}.Release|Any CPU.ActiveCfg = Release|Any CPU
		{0D697C16-D98F-4440-993C-7573FF4E8343}.Release|Any CPU.Build.0 = Release|Any CPU
	EndGlobalSection
	GlobalSection(SolutionProperties) = preSolution
		HideSolutionNode = FALSE
	EndGlobalSection
	GlobalSection(ExtensibilityGlobals) = postSolution
		SolutionGuid = {06D0A13B-4C3A-43A2-9436-C1FA118C12D0}
	EndGlobalSection
EndGlobal
